
Microsoft Visual Studio Solution File, Format Version 12.00
# Visual Studio 2012
Project("{FAE04EC0-301F-11D3-BF4B-00C04F79EFBC}") = "DummyConsoleApp", "DummyConsoleApp\DummyConsoleApp.csproj", "{B98D8A9A-C419-48C0-A6AD-65C744C607CF}"
EndProject
Global
	GlobalSection(SolutionConfigurationPlatforms) = preSolution
		Debug|Any CPU = Debug|Any CPU
		Release|Any CPU = Release|Any CPU
	EndGlobalSection
	GlobalSection(ProjectConfigurationPlatforms) = postSolution
		{B98D8A9A-C419-48C0-A6AD-65C744C607CF}.Debug|Any CPU.ActiveCfg = Debug|Any CPU
		{B98D8A9A-C419-48C0-A6AD-65C744C607CF}.Debug|Any CPU.Build.0 = Debug|Any CPU
		{B98D8A9A-C419-48C0-A6AD-65C744C607CF}.Release|Any CPU.ActiveCfg = Release|Any CPU
		{B98D8A9A-C419-48C0-A6AD-65C744C607CF}.Release|Any CPU.Build.0 = Release|Any CPU
	EndGlobalSection
	GlobalSection(SolutionProperties) = preSolution
		HideSolutionNode = FALSE
	EndGlobalSection
EndGlobal
